
Microsoft Visual Studio Solution File, Format Version 12.00
# Visual Studio 15
VisualStudioVersion = 15.0.27703.2042
MinimumVisualStudioVersion = 10.0.40219.1
Project("{FAE04EC0-301F-11D3-BF4B-00C04F79EFBC}") = "Employee Management System", "Employee Management System\Employee Management System.csproj", "{1602AD41-011A-4259-AC56-2C35664DE5D2}"
EndProject
Global
	GlobalSection(SolutionConfigurationPlatforms) = preSolution
		Debug|Any CPU = Debug|Any CPU
		Release|Any CPU = Release|Any CPU
	EndGlobalSection
	GlobalSection(ProjectConfigurationPlatforms) = postSolution
		{1602AD41-011A-4259-AC56-2C35664DE5D2}.Debug|Any CPU.ActiveCfg = Debug|Any CPU
		{1602AD41-011A-4259-AC56-2C35664DE5D2}.Debug|Any CPU.Build.0 = Debug|Any CPU
		{1602AD41-011A-4259-AC56-2C35664DE5D2}.Release|Any CPU.ActiveCfg = Release|Any CPU
		{1602AD41-011A-4259-AC56-2C35664DE5D2}.Release|Any CPU.Build.0 = Release|Any CPU
	EndGlobalSection
	GlobalSection(SolutionProperties) = preSolution
		HideSolutionNode = FALSE
	EndGlobalSection
	GlobalSection(ExtensibilityGlobals) = postSolution
		SolutionGuid = {DAB59B38-8750-4E18-B907-9BFE5A746F40}
	EndGlobalSection
EndGlobal
